# This file is automatically @generated by Cargo.
# It is not intended for manual editing.
[[package]]
name = "anyhow"
version = "1.0.32"
source = "registry+https://github.com/rust-lang/crates.io-index"
checksum = "6b602bfe940d21c130f3895acd65221e8a61270debe89d628b9cb4e3ccb8569b"

[[package]]
name = "bumpalo"
version = "3.4.0"
source = "registry+https://github.com/rust-lang/crates.io-index"
checksum = "2e8c087f005730276d1096a652e92a8bacee2e2472bcc9715a74d2bec38b5820"

[[package]]
name = "cfg-if"
version = "0.1.10"
source = "registry+https://github.com/rust-lang/crates.io-index"
checksum = "4785bdd1c96b2a846b2bd7cc02e86b6b3dbf14e7e53446c4f54c92a361040822"

[[package]]
name = "game"
version = "0.1.0"
dependencies = [
 "js-sys",
 "log",
 "wasm-bindgen",
 "wasm-logger",
 "web-sys",
]

[[package]]
name = "heck"
version = "0.3.1"
source = "registry+https://github.com/rust-lang/crates.io-index"
checksum = "20564e78d53d2bb135c343b3f47714a56af2061f1c928fdb541dc7b9fdd94205"
dependencies = [
 "unicode-segmentation",
]

[[package]]
name = "js-sys"
version = "0.3.35"
source = "registry+https://github.com/rust-lang/crates.io-index"
checksum = "7889c7c36282151f6bf465be4700359318aef36baa951462382eae49e9577cf9"
dependencies = [
 "wasm-bindgen",
]

[[package]]
name = "lazy_static"
version = "1.4.0"
source = "registry+https://github.com/rust-lang/crates.io-index"
checksum = "e2abad23fbc42b3700f2f279844dc832adb2b2eb069b2df918f455c4e18cc646"

[[package]]
name = "log"
version = "0.4.11"
source = "registry+https://github.com/rust-lang/crates.io-index"
checksum = "4fabed175da42fed1fa0746b0ea71f412aa9d35e76e95e59b192c64b9dc2bf8b"
dependencies = [
 "cfg-if",
]

[[package]]
name = "memchr"
version = "2.3.3"
source = "registry+https://github.com/rust-lang/crates.io-index"
checksum = "3728d817d99e5ac407411fa471ff9800a778d88a24685968b36824eaf4bee400"

[[package]]
name = "nom"
version = "4.2.3"
source = "registry+https://github.com/rust-lang/crates.io-index"
checksum = "2ad2a91a8e869eeb30b9cb3119ae87773a8f4ae617f41b1eb9c154b2905f7bd6"
dependencies = [
 "memchr",
 "version_check",
]

[[package]]
name = "proc-macro2"
version = "1.0.24"
source = "registry+https://github.com/rust-lang/crates.io-index"
checksum = "1e0704ee1a7e00d7bb417d0770ea303c1bccbabf0ef1667dae92b5967f5f8a71"
dependencies = [
 "unicode-xid",
]

[[package]]
name = "quote"
version = "1.0.7"
source = "registry+https://github.com/rust-lang/crates.io-index"
checksum = "aa563d17ecb180e500da1cfd2b028310ac758de548efdd203e18f283af693f37"
dependencies = [
 "proc-macro2",
]

[[package]]
name = "sourcefile"
version = "0.1.4"
source = "registry+https://github.com/rust-lang/crates.io-index"
checksum = "4bf77cb82ba8453b42b6ae1d692e4cdc92f9a47beaf89a847c8be83f4e328ad3"

[[package]]
name = "syn"
version = "1.0.42"
source = "registry+https://github.com/rust-lang/crates.io-index"
checksum = "9c51d92969d209b54a98397e1b91c8ae82d8c87a7bb87df0b29aa2ad81454228"
dependencies = [
 "proc-macro2",
 "quote",
 "unicode-xid",
]

[[package]]
name = "unicode-segmentation"
version = "1.6.0"
source = "registry+https://github.com/rust-lang/crates.io-index"
checksum = "e83e153d1053cbb5a118eeff7fd5be06ed99153f00dbcd8ae310c5fb2b22edc0"

[[package]]
name = "unicode-xid"
version = "0.2.1"
source = "registry+https://github.com/rust-lang/crates.io-index"
checksum = "f7fe0bb3479651439c9112f72b6c505038574c9fbb575ed1bf3b797fa39dd564"

[[package]]
name = "version_check"
version = "0.1.5"
source = "registry+https://github.com/rust-lang/crates.io-index"
checksum = "914b1a6776c4c929a602fafd8bc742e06365d4bcbe48c30f9cca5824f70dc9dd"

[[package]]
name = "wasm-bindgen"
version = "0.2.58"
source = "registry+https://github.com/rust-lang/crates.io-index"
checksum = "5205e9afdf42282b192e2310a5b463a6d1c1d774e30dc3c791ac37ab42d2616c"
dependencies = [
 "cfg-if",
 "wasm-bindgen-macro",
]

[[package]]
name = "wasm-bindgen-backend"
version = "0.2.58"
source = "registry+https://github.com/rust-lang/crates.io-index"
checksum = "11cdb95816290b525b32587d76419facd99662a07e59d3cdb560488a819d9a45"
dependencies = [
 "bumpalo",
 "lazy_static",
 "log",
 "proc-macro2",
 "quote",
 "syn",
 "wasm-bindgen-shared",
]

[[package]]
name = "wasm-bindgen-macro"
version = "0.2.58"
source = "registry+https://github.com/rust-lang/crates.io-index"
checksum = "574094772ce6921576fb6f2e3f7497b8a76273b6db092be18fc48a082de09dc3"
dependencies = [
 "quote",
 "wasm-bindgen-macro-support",
]

[[package]]
name = "wasm-bindgen-macro-support"
version = "0.2.58"
source = "registry+https://github.com/rust-lang/crates.io-index"
checksum = "e85031354f25eaebe78bb7db1c3d86140312a911a106b2e29f9cc440ce3e7668"
dependencies = [
 "proc-macro2",
 "quote",
 "syn",
 "wasm-bindgen-backend",
 "wasm-bindgen-shared",
]

[[package]]
name = "wasm-bindgen-shared"
version = "0.2.58"
source = "registry+https://github.com/rust-lang/crates.io-index"
checksum = "f5e7e61fc929f4c0dddb748b102ebf9f632e2b8d739f2016542b4de2965a9601"

[[package]]
name = "wasm-bindgen-webidl"
version = "0.2.58"
source = "registry+https://github.com/rust-lang/crates.io-index"
checksum = "ef012a0d93fc0432df126a8eaf547b2dce25a8ce9212e1d3cbeef5c11157975d"
dependencies = [
 "anyhow",
 "heck",
 "log",
 "proc-macro2",
 "quote",
 "syn",
 "wasm-bindgen-backend",
 "weedle",
]

[[package]]
name = "wasm-logger"
version = "0.2.0"
source = "registry+https://github.com/rust-lang/crates.io-index"
checksum = "074649a66bb306c8f2068c9016395fa65d8e08d2affcbf95acf3c24c3ab19718"
dependencies = [
 "log",
 "wasm-bindgen",
 "web-sys",
]

[[package]]
name = "web-sys"
version = "0.3.35"
source = "registry+https://github.com/rust-lang/crates.io-index"
checksum = "aaf97caf6aa8c2b1dac90faf0db529d9d63c93846cca4911856f78a83cebf53b"
dependencies = [
 "anyhow",
 "js-sys",
 "sourcefile",
 "wasm-bindgen",
 "wasm-bindgen-webidl",
]

[[package]]
name = "weedle"
version = "0.10.0"
source = "registry+https://github.com/rust-lang/crates.io-index"
checksum = "3bb43f70885151e629e2a19ce9e50bd730fd436cfd4b666894c9ce4de9141164"
dependencies = [
 "nom",
]
